
Microsoft Visual Studio Solution File, Format Version 12.00
# Visual Studio Version 17
VisualStudioVersion = 17.6.33815.320
MinimumVisualStudioVersion = 10.0.40219.1
Project("{FAE04EC0-301F-11D3-BF4B-00C04F79EFBC}") = "MagicVilla_VillaAPI", "MagicVilla_VillaAPI\MagicVilla_VillaAPI.csproj", "{B64DBCC6-D920-4799-B362-CBA7C878D622}"
EndProject
Global
	GlobalSection(SolutionConfigurationPlatforms) = preSolution
		Debug|Any CPU = Debug|Any CPU
		Release|Any CPU = Release|Any CPU
	EndGlobalSection
	GlobalSection(ProjectConfigurationPlatforms) = postSolution
		{B64DBCC6-D920-4799-B362-CBA7C878D622}.Debug|Any CPU.ActiveCfg = Debug|Any CPU
		{B64DBCC6-D920-4799-B362-CBA7C878D622}.Debug|Any CPU.Build.0 = Debug|Any CPU
		{B64DBCC6-D920-4799-B362-CBA7C878D622}.Release|Any CPU.ActiveCfg = Release|Any CPU
		{B64DBCC6-D920-4799-B362-CBA7C878D622}.Release|Any CPU.Build.0 = Release|Any CPU
	EndGlobalSection
	GlobalSection(SolutionProperties) = preSolution
		HideSolutionNode = FALSE
	EndGlobalSection
	GlobalSection(ExtensibilityGlobals) = postSolution
		SolutionGuid = {F524F3E3-D330-41E3-B1AF-C66B50516855}
	EndGlobalSection
EndGlobal
